// !$*UTF8*$!
{
	archiveVersion = 1;
	classes = {
	};
	objectVersion = 46;
	objects = {

/* Begin PBXBuildFile section */
		002708B01A5F6B8000BDA38E /* main.m in Sources */ = {isa = PBXBuildFile; fileRef = 002708AF1A5F6B8000BDA38E /* main.m */; };
		002708B31A5F6B8000BDA38E /* AppDelegate.m in Sources */ = {isa = PBXBuildFile; fileRef = 002708B21A5F6B8000BDA38E /* AppDelegate.m */; };
		002708B61A5F6B8000BDA38E /* ViewController.m in Sources */ = {isa = PBXBuildFile; fileRef = 002708B51A5F6B8000BDA38E /* ViewController.m */; };
		002708B91A5F6B8000BDA38E /* Main.storyboard in Resources */ = {isa = PBXBuildFile; fileRef = 002708B71A5F6B8000BDA38E /* Main.storyboard */; };
		002708BB1A5F6B8000BDA38E /* Images.xcassets in Resources */ = {isa = PBXBuildFile; fileRef = 002708BA1A5F6B8000BDA38E /* Images.xcassets */; };
		002708BE1A5F6B8000BDA38E /* LaunchScreen.xib in Resources */ = {isa = PBXBuildFile; fileRef = 002708BC1A5F6B8000BDA38E /* LaunchScreen.xib */; };
		002708CA1A5F6B8000BDA38E /* PvsZTests.m in Sources */ = {isa = PBXBuildFile; fileRef = 002708C91A5F6B8000BDA38E /* PvsZTests.m */; };
/* End PBXBuildFile section */

/* Begin PBXContainerItemProxy section */
		002708C41A5F6B8000BDA38E /* PBXContainerItemProxy */ = {
			isa = PBXContainerItemProxy;
			containerPortal = 002708A21A5F6B8000BDA38E /* Project object */;
			proxyType = 1;
			remoteGlobalIDString = 002708A91A5F6B8000BDA38E;
			remoteInfo = Meng;
		};
/* End PBXContainerItemProxy section */

/* Begin PBXFileReference section */
		002708AA1A5F6B8000BDA38E /* PvsZ.app */ = {isa = PBXFileReference; explicitFileType = wrapper.application; includeInIndex = 0; path = PvsZ.app; sourceTree = BUILT_PRODUCTS_DIR; };
		002708AE1A5F6B8000BDA38E /* Info.plist */ = {isa = PBXFileReference; lastKnownFileType = text.plist.xml; path = Info.plist; sourceTree = "<group>"; };
		002708AF1A5F6B8000BDA38E /* main.m */ = {isa = PBXFileReference; lastKnownFileType = sourcecode.c.objc; path = main.m; sourceTree = "<group>"; };
		002708B11A5F6B8000BDA38E /* AppDelegate.h */ = {isa = PBXFileReference; lastKnownFileType = sourcecode.c.h; path = AppDelegate.h; sourceTree = "<group>"; };
		002708B21A5F6B8000BDA38E /* AppDelegate.m */ = {isa = PBXFileReference; lastKnownFileType = sourcecode.c.objc; path = AppDelegate.m; sourceTree = "<group>"; };
		002708B41A5F6B8000BDA38E /* ViewController.h */ = {isa = PBXFileReference; lastKnownFileType = sourcecode.c.h; path = ViewController.h; sourceTree = "<group>"; };
		002708B51A5F6B8000BDA38E /* ViewController.m */ = {isa = PBXFileReference; lastKnownFileType = sourcecode.c.objc; path = ViewController.m; sourceTree = "<group>"; };
		002708B81A5F6B8000BDA38E /* Base */ = {isa = PBXFileReference; lastKnownFileType = file.storyboard; name = Base; path = Base.lproj/Main.storyboard; sourceTree = "<group>"; };
		002708BA1A5F6B8000BDA38E /* Images.xcassets */ = {isa = PBXFileReference; lastKnownFileType = folder.assetcatalog; path = Images.xcassets; sourceTree = "<group>"; };
		002708BD1A5F6B8000BDA38E /* Base */ = {isa = PBXFileReference; lastKnownFileType = file.xib; name = Base; path = Base.lproj/LaunchScreen.xib; sourceTree = "<group>"; };
		002708C31A5F6B8000BDA38E /* PvsZTests.xctest */ = {isa = PBXFileReference; explicitFileType = wrapper.cfbundle; includeInIndex = 0; path = PvsZTests.xctest; sourceTree = BUILT_PRODUCTS_DIR; };
		002708C81A5F6B8000BDA38E /* Info.plist */ = {isa = PBXFileReference; lastKnownFileType = text.plist.xml; path = Info.plist; sourceTree = "<group>"; };
		002708C91A5F6B8000BDA38E /* PvsZTests.m */ = {isa = PBXFileReference; lastKnownFileType = sourcecode.c.objc; path = PvsZTests.m; sourceTree = "<group>"; };
/* End PBXFileReference section */

/* Begin PBXFrameworksBuildPhase section */
		002708A71A5F6B8000BDA38E /* Frameworks */ = {
			isa = PBXFrameworksBuildPhase;
			buildActionMask = 2147483647;
			files = (
			);
			runOnlyForDeploymentPostprocessing = 0;
		};
		002708C01A5F6B8000BDA38E /* Frameworks */ = {
			isa = PBXFrameworksBuildPhase;
			buildActionMask = 2147483647;
			files = (
			);
			runOnlyForDeploymentPostprocessing = 0;
		};
/* End PBXFrameworksBuildPhase section */

/* Begin PBXGroup section */
		002708A11A5F6B8000BDA38E = {
			isa = PBXGroup;
			children = (
				002708AC1A5F6B8000BDA38E /* PvsZ */,
				002708C61A5F6B8000BDA38E /* PvsZTests */,
				002708AB1A5F6B8000BDA38E /* Products */,
			);
			sourceTree = "<group>";
		};
		002708AB1A5F6B8000BDA38E /* Products */ = {
			isa = PBXGroup;
			children = (
				002708AA1A5F6B8000BDA38E /* PvsZ.app */,
				002708C31A5F6B8000BDA38E /* PvsZTests.xctest */,
			);
			name = Products;
			sourceTree = "<group>";
		};
		002708AC1A5F6B8000BDA38E /* PvsZ */ = {
			isa = PBXGroup;
			children = (
				002708B11A5F6B8000BDA38E /* AppDelegate.h */,
				002708B21A5F6B8000BDA38E /* AppDelegate.m */,
				002708B41A5F6B8000BDA38E /* ViewController.h */,
				002708B51A5F6B8000BDA38E /* ViewController.m */,
				002708B71A5F6B8000BDA38E /* Main.storyboard */,
				002708BA1A5F6B8000BDA38E /* Images.xcassets */,
				002708BC1A5F6B8000BDA38E /* LaunchScreen.xib */,
				002708AD1A5F6B8000BDA38E /* Supporting Files */,
			);
			name = PvsZ;
			path = Meng;
			sourceTree = "<group>";
		};
		002708AD1A5F6B8000BDA38E /* Supporting Files */ = {
			isa = PBXGroup;
			children = (
				002708AE1A5F6B8000BDA38E /* Info.plist */,
				002708AF1A5F6B8000BDA38E /* main.m */,
			);
			name = "Supporting Files";
			sourceTree = "<group>";
		};
		002708C61A5F6B8000BDA38E /* PvsZTests */ = {
			isa = PBXGroup;
			children = (
				002708C91A5F6B8000BDA38E /* PvsZTests.m */,
				002708C71A5F6B8000BDA38E /* Supporting Files */,
			);
			name = PvsZTests;
			path = MengTests;
			sourceTree = "<group>";
		};
		002708C71A5F6B8000BDA38E /* Supporting Files */ = {
			isa = PBXGroup;
			children = (
				002708C81A5F6B8000BDA38E /* Info.plist */,
			);
			name = "Supporting Files";
			sourceTree = "<group>";
		};
/* End PBXGroup section */

/* Begin PBXNativeTarget section */
		002708A91A5F6B8000BDA38E /* PvsZ */ = {
			isa = PBXNativeTarget;
			buildConfigurationList = 002708CD1A5F6B8000BDA38E /* Build configuration list for PBXNativeTarget "PvsZ" */;
			buildPhases = (
				002708A61A5F6B8000BDA38E /* Sources */,
				002708A71A5F6B8000BDA38E /* Frameworks */,
				002708A81A5F6B8000BDA38E /* Resources */,
			);
			buildRules = (
			);
			dependencies = (
			);
			name = PvsZ;
			productName = Meng;
			productReference = 002708AA1A5F6B8000BDA38E /* PvsZ.app */;
			productType = "com.apple.product-type.application";
		};
		002708C21A5F6B8000BDA38E /* PvsZTests */ = {
			isa = PBXNativeTarget;
			buildConfigurationList = 002708D01A5F6B8000BDA38E /* Build configuration list for PBXNativeTarget "PvsZTests" */;
			buildPhases = (
				002708BF1A5F6B8000BDA38E /* Sources */,
				002708C01A5F6B8000BDA38E /* Frameworks */,
				002708C11A5F6B8000BDA38E /* Resources */,
			);
			buildRules = (
			);
			dependencies = (
				002708C51A5F6B8000BDA38E /* PBXTargetDependency */,
			);
			name = PvsZTests;
			productName = MengTests;
			productReference = 002708C31A5F6B8000BDA38E /* PvsZTests.xctest */;
			productType = "com.apple.product-type.bundle.unit-test";
		};
/* End PBXNativeTarget section */

/* Begin PBXProject section */
		002708A21A5F6B8000BDA38E /* Project object */ = {
			isa = PBXProject;
			attributes = {
				LastUpgradeCheck = 0610;
				ORGANIZATIONNAME = Targa;
				TargetAttributes = {
					002708A91A5F6B8000BDA38E = {
						CreatedOnToolsVersion = 6.1.1;
					};
					002708C21A5F6B8000BDA38E = {
						CreatedOnToolsVersion = 6.1.1;
						TestTargetID = 002708A91A5F6B8000BDA38E;
					};
				};
			};
			buildConfigurationList = 002708A51A5F6B8000BDA38E /* Build configuration list for PBXProject "PvsZ" */;
			compatibilityVersion = "Xcode 3.2";
			developmentRegion = English;
			hasScannedForEncodings = 0;
			knownRegions = (
				en,
				Base,
			);
			mainGroup = 002708A11A5F6B8000BDA38E;
			productRefGroup = 002708AB1A5F6B8000BDA38E /* Products */;
			projectDirPath = "";
			projectRoot = "";
			targets = (
				002708A91A5F6B8000BDA38E /* PvsZ */,
				002708C21A5F6B8000BDA38E /* PvsZTests */,
			);
		};
/* End PBXProject section */

/* Begin PBXResourcesBuildPhase section */
		002708A81A5F6B8000BDA38E /* Resources */ = {
			isa = PBXResourcesBuildPhase;
			buildActionMask = 2147483647;
			files = (
				002708B91A5F6B8000BDA38E /* Main.storyboard in Resources */,
				002708BE1A5F6B8000BDA38E /* LaunchScreen.xib in Resources */,
				002708BB1A5F6B8000BDA38E /* Images.xcassets in Resources */,
			);
			runOnlyForDeploymentPostprocessing = 0;
		};
		002708C11A5F6B8000BDA38E /* Resources */ = {
			isa = PBXResourcesBuildPhase;
			buildActionMask = 2147483647;
			files = (
			);
			runOnlyForDeploymentPostprocessing = 0;
		};
/* End PBXResourcesBuildPhase section */

/* Begin PBXSourcesBuildPhase section */
		002708A61A5F6B8000BDA38E /* Sources */ = {
			isa = PBXSourcesBuildPhase;
			buildActionMask = 2147483647;
			files = (
				002708B61A5F6B8000BDA38E /* ViewController.m in Sources */,
				002708B31A5F6B8000BDA38E /* AppDelegate.m in Sources */,
				002708B01A5F6B8000BDA38E /* main.m in Sources */,
			);
			runOnlyForDeploymentPostprocessing = 0;
		};
		002708BF1A5F6B8000BDA38E /* Sources */ = {
			isa = PBXSourcesBuildPhase;
			buildActionMask = 2147483647;
			files = (
				002708CA1A5F6B8000BDA38E /* PvsZTests.m in Sources */,
			);
			runOnlyForDeploymentPostprocessing = 0;
		};
/* End PBXSourcesBuildPhase section */

/* Begin PBXTargetDependency section */
		002708C51A5F6B8000BDA38E /* PBXTargetDependency */ = {
			isa = PBXTargetDependency;
			target = 002708A91A5F6B8000BDA38E /* PvsZ */;
			targetProxy = 002708C41A5F6B8000BDA38E /* PBXContainerItemProxy */;
		};
/* End PBXTargetDependency section */

/* Begin PBXVariantGroup section */
		002708B71A5F6B8000BDA38E /* Main.storyboard */ = {
			isa = PBXVariantGroup;
			children = (
				002708B81A5F6B8000BDA38E /* Base */,
			);
			name = Main.storyboard;
			sourceTree = "<group>";
		};
		002708BC1A5F6B8000BDA38E /* LaunchScreen.xib */ = {
			isa = PBXVariantGroup;
			children = (
				002708BD1A5F6B8000BDA38E /* Base */,
			);
			name = LaunchScreen.xib;
			sourceTree = "<group>";
		};
/* End PBXVariantGroup section */

/* Begin XCBuildConfiguration section */
		002708CB1A5F6B8000BDA38E /* Debug */ = {
			isa = XCBuildConfiguration;
			buildSettings = {
				ALWAYS_SEARCH_USER_PATHS = NO;
				CLANG_CXX_LANGUAGE_STANDARD = "gnu++0x";
				CLANG_CXX_LIBRARY = "libc++";
				CLANG_ENABLE_MODULES = YES;
				CLANG_ENABLE_OBJC_ARC = YES;
				CLANG_WARN_BOOL_CONVERSION = YES;
				CLANG_WARN_CONSTANT_CONVERSION = YES;
				CLANG_WARN_DIRECT_OBJC_ISA_USAGE = YES_ERROR;
				CLANG_WARN_EMPTY_BODY = YES;
				CLANG_WARN_ENUM_CONVERSION = YES;
				CLANG_WARN_INT_CONVERSION = YES;
				CLANG_WARN_OBJC_ROOT_CLASS = YES_ERROR;
				CLANG_WARN_UNREACHABLE_CODE = YES;
				CLANG_WARN__DUPLICATE_METHOD_MATCH = YES;
				"CODE_SIGN_IDENTITY[sdk=iphoneos*]" = "iPhone Developer";
				COPY_PHASE_STRIP = NO;
				ENABLE_STRICT_OBJC_MSGSEND = YES;
				GCC_C_LANGUAGE_STANDARD = gnu99;
				GCC_DYNAMIC_NO_PIC = NO;
				GCC_OPTIMIZATION_LEVEL = 0;
				GCC_PREPROCESSOR_DEFINITIONS = (
					"DEBUG=1",
					"$(inherited)",
				);
				GCC_SYMBOLS_PRIVATE_EXTERN = NO;
				GCC_WARN_64_TO_32_BIT_CONVERSION = YES;
				GCC_WARN_ABOUT_RETURN_TYPE = YES_ERROR;
				GCC_WARN_UNDECLARED_SELECTOR = YES;
				GCC_WARN_UNINITIALIZED_AUTOS = YES_AGGRESSIVE;
				GCC_WARN_UNUSED_FUNCTION = YES;
				GCC_WARN_UNUSED_VARIABLE = YES;
				IPHONEOS_DEPLOYMENT_TARGET = 7.0;
				MTL_ENABLE_DEBUG_INFO = YES;
				ONLY_ACTIVE_ARCH = YES;
				SDKROOT = iphoneos;
				TARGETED_DEVICE_FAMILY = "1,2";
			};
			name = Debug;
		};
		002708CC1A5F6B8000BDA38E /* Release */ = {
			isa = XCBuildConfiguration;
			buildSettings = {
				ALWAYS_SEARCH_USER_PATHS = NO;
				CLANG_CXX_LANGUAGE_STANDARD = "gnu++0x";
				CLANG_CXX_LIBRARY = "libc++";
				CLANG_ENABLE_MODULES = YES;
				CLANG_ENABLE_OBJC_ARC = YES;
				CLANG_WARN_BOOL_CONVERSION = YES;
				CLANG_WARN_CONSTANT_CONVERSION = YES;
				CLANG_WARN_DIRECT_OBJC_ISA_USAGE = YES_ERROR;
				CLANG_WARN_EMPTY_BODY = YES;
				CLANG_WARN_ENUM_CONVERSION = YES;
				CLANG_WARN_INT_CONVERSION = YES;
				CLANG_WARN_OBJC_ROOT_CLASS = YES_ERROR;
				CLANG_WARN_UNREACHABLE_CODE = YES;
				CLANG_WARN__DUPLICATE_METHOD_MATCH = YES;
				"CODE_SIGN_IDENTITY[sdk=iphoneos*]" = "iPhone Developer";
				COPY_PHASE_STRIP = YES;
				ENABLE_NS_ASSERTIONS = NO;
				ENABLE_STRICT_OBJC_MSGSEND = YES;
				GCC_C_LANGUAGE_STANDARD = gnu99;
				GCC_WARN_64_TO_32_BIT_CONVERSION = YES;
				GCC_WARN_ABOUT_RETURN_TYPE = YES_ERROR;
				GCC_WARN_UNDECLARED_SELECTOR = YES;
				GCC_WARN_UNINITIALIZED_AUTOS = YES_AGGRESSIVE;
				GCC_WARN_UNUSED_FUNCTION = YES;
				GCC_WARN_UNUSED_VARIABLE = YES;
				IPHONEOS_DEPLOYMENT_TARGET = 7.0;
				MTL_ENABLE_DEBUG_INFO = NO;
				SDKROOT = iphoneos;
				TARGETED_DEVICE_FAMILY = "1,2";
				VALIDATE_PRODUCT = YES;
			};
			name = Release;
		};
		002708CE1A5F6B8000BDA38E /* Debug */ = {
			isa = XCBuildConfiguration;
			buildSettings = {
				ASSETCATALOG_COMPILER_APPICON_NAME = AppIcon;
				ASSETCATALOG_COMPILER_LAUNCHIMAGE_NAME = LaunchImage;
				INFOPLIST_FILE = Meng/Info.plist;
				LD_RUNPATH_SEARCH_PATHS = "$(inherited) @executable_path/Frameworks";
				PRODUCT_NAME = PvsZ;
			};
			name = Debug;
		};
		002708CF1A5F6B8000BDA38E /* Release */ = {
			isa = XCBuildConfiguration;
			buildSettings = {
				ASSETCATALOG_COMPILER_APPICON_NAME = AppIcon;
				ASSETCATALOG_COMPILER_LAUNCHIMAGE_NAME = LaunchImage;
				INFOPLIST_FILE = Meng/Info.plist;
				LD_RUNPATH_SEARCH_PATHS = "$(inherited) @executable_path/Frameworks";
				PRODUCT_NAME = PvsZ;
			};
			name = Release;
		};
		002708D11A5F6B8000BDA38E /* Debug */ = {
			isa = XCBuildConfiguration;
			buildSettings = {
				BUNDLE_LOADER = "$(TEST_HOST)";
				FRAMEWORK_SEARCH_PATHS = (
					"$(SDKROOT)/Developer/Library/Frameworks",
					"$(inherited)",
				);
				GCC_PREPROCESSOR_DEFINITIONS = (
					"DEBUG=1",
					"$(inherited)",
				);
				INFOPLIST_FILE = MengTests/Info.plist;
				LD_RUNPATH_SEARCH_PATHS = "$(inherited) @executable_path/Frameworks @loader_path/Frameworks";
				PRODUCT_NAME = PvsZTests;
				TEST_HOST = "$(BUILT_PRODUCTS_DIR)/Meng.app/Meng";
			};
			name = Debug;
		};
		002708D21A5F6B8000BDA38E /* Release */ = {
			isa = XCBuildConfiguration;
			buildSettings = {
				BUNDLE_LOADER = "$(TEST_HOST)";
				FRAMEWORK_SEARCH_PATHS = (
					"$(SDKROOT)/Developer/Library/Frameworks",
					"$(inherited)",
				);
				INFOPLIST_FILE = MengTests/Info.plist;
				LD_RUNPATH_SEARCH_PATHS = "$(inherited) @executable_path/Frameworks @loader_path/Frameworks";
				PRODUCT_NAME = PvsZTests;
				TEST_HOST = "$(BUILT_PRODUCTS_DIR)/Meng.app/Meng";
			};
			name = Release;
		};
/* End XCBuildConfiguration section */

/* Begin XCConfigurationList section */
		002708A51A5F6B8000BDA38E /* Build configuration list for PBXProject "PvsZ" */ = {
			isa = XCConfigurationList;
			buildConfigurations = (
				002708CB1A5F6B8000BDA38E /* Debug */,
				002708CC1A5F6B8000BDA38E /* Release */,
			);
			defaultConfigurationIsVisible = 0;
			defaultConfigurationName = Release;
		};
		002708CD1A5F6B8000BDA38E /* Build configuration list for PBXNativeTarget "PvsZ" */ = {
			isa = XCConfigurationList;
			buildConfigurations = (
				002708CE1A5F6B8000BDA38E /* Debug */,
				002708CF1A5F6B8000BDA38E /* Release */,
			);
			defaultConfigurationIsVisible = 0;
			defaultConfigurationName = Release;
		};
		002708D01A5F6B8000BDA38E /* Build configuration list for PBXNativeTarget "PvsZTests" */ = {
			isa = XCConfigurationList;
			buildConfigurations = (
				002708D11A5F6B8000BDA38E /* Debug */,
				002708D21A5F6B8000BDA38E /* Release */,
			);
			defaultConfigurationIsVisible = 0;
			defaultConfigurationName = Release;
		};
/* End XCConfigurationList section */
	};
	rootObject = 002708A21A5F6B8000BDA38E /* Project object */;
}
